
Microsoft Visual Studio Solution File, Format Version 12.00
# Visual Studio Version 17
VisualStudioVersion = 17.14.36401.2 d17.14
MinimumVisualStudioVersion = 10.0.40219.1
Project("{FAE04EC0-301F-11D3-BF4B-00C04F79EFBC}") = "google api monitor", "google api monitor\google api monitor.csproj", "{B5520005-432B-42E1-9A69-99280EF47409}"
EndProject
Global
	GlobalSection(SolutionConfigurationPlatforms) = preSolution
		Debug|Any CPU = Debug|Any CPU
		Release|Any CPU = Release|Any CPU
	EndGlobalSection
	GlobalSection(ProjectConfigurationPlatforms) = postSolution
		{B5520005-432B-42E1-9A69-99280EF47409}.Debug|Any CPU.ActiveCfg = Debug|Any CPU
		{B5520005-432B-42E1-9A69-99280EF47409}.Debug|Any CPU.Build.0 = Debug|Any CPU
		{B5520005-432B-42E1-9A69-99280EF47409}.Release|Any CPU.ActiveCfg = Release|Any CPU
		{B5520005-432B-42E1-9A69-99280EF47409}.Release|Any CPU.Build.0 = Release|Any CPU
	EndGlobalSection
	GlobalSection(SolutionProperties) = preSolution
		HideSolutionNode = FALSE
	EndGlobalSection
	GlobalSection(ExtensibilityGlobals) = postSolution
		SolutionGuid = {EA77DB3F-7101-49A1-820F-6D345E3BE3BD}
	EndGlobalSection
EndGlobal
